Microsoft Visual Studio Solution File, Format Version 12.00
# Visual Studio Version 17
VisualStudioVersion = 17.5.2.0
MinimumVisualStudioVersion = 10.0.40219.1
Project("{2150E333-8FDC-42A3-9474-1A3956D46DE8}") = "appnode", "appnode", "{D8A65EA4-C9E1-7407-BB73-AA6789EDCFB2}"
EndProject
Project("{FAE04EC0-301F-11D3-BF4B-00C04F79EFBC}") = "DemoApp", "appnode\DemoApp\DemoApp.csproj", "{1BDEEF46-6770-A564-6B10-18A17D0B7CFB}"
EndProject
Global
	GlobalSection(SolutionConfigurationPlatforms) = preSolution
		Debug|Any CPU = Debug|Any CPU
		Release|Any CPU = Release|Any CPU
	EndGlobalSection
	GlobalSection(ProjectConfigurationPlatforms) = postSolution
		{1BDEEF46-6770-A564-6B10-18A17D0B7CFB}.Debug|Any CPU.ActiveCfg = Debug|Any CPU
		{1BDEEF46-6770-A564-6B10-18A17D0B7CFB}.Debug|Any CPU.Build.0 = Debug|Any CPU
		{1BDEEF46-6770-A564-6B10-18A17D0B7CFB}.Release|Any CPU.ActiveCfg = Release|Any CPU
		{1BDEEF46-6770-A564-6B10-18A17D0B7CFB}.Release|Any CPU.Build.0 = Release|Any CPU
	EndGlobalSection
	GlobalSection(SolutionProperties) = preSolution
		HideSolutionNode = FALSE
	EndGlobalSection
	GlobalSection(NestedProjects) = preSolution
		{1BDEEF46-6770-A564-6B10-18A17D0B7CFB} = {D8A65EA4-C9E1-7407-BB73-AA6789EDCFB2}
	EndGlobalSection
	GlobalSection(ExtensibilityGlobals) = postSolution
		SolutionGuid = {13ED4DBB-6AE6-404C-A4C0-B505563E8746}
	EndGlobalSection
EndGlobal
