Microsoft Visual Studio Solution File, Format Version 12.00
# Visual Studio Version 17
VisualStudioVersion = 17.5.2.0
MinimumVisualStudioVersion = 10.0.40219.1
Project("{FAE04EC0-301F-11D3-BF4B-00C04F79EFBC}") = "PrimeraAPI", "PrimeraAPI\PrimeraAPI.csproj", "{B77BBEEE-1DC6-CA5B-46B4-62403C1C308E}"
EndProject
Global
	GlobalSection(SolutionConfigurationPlatforms) = preSolution
		Debug|Any CPU = Debug|Any CPU
		Release|Any CPU = Release|Any CPU
	EndGlobalSection
	GlobalSection(ProjectConfigurationPlatforms) = postSolution
		{B77BBEEE-1DC6-CA5B-46B4-62403C1C308E}.Debug|Any CPU.ActiveCfg = Debug|Any CPU
		{B77BBEEE-1DC6-CA5B-46B4-62403C1C308E}.Debug|Any CPU.Build.0 = Debug|Any CPU
		{B77BBEEE-1DC6-CA5B-46B4-62403C1C308E}.Release|Any CPU.ActiveCfg = Release|Any CPU
		{B77BBEEE-1DC6-CA5B-46B4-62403C1C308E}.Release|Any CPU.Build.0 = Release|Any CPU
	EndGlobalSection
	GlobalSection(SolutionProperties) = preSolution
		HideSolutionNode = FALSE
	EndGlobalSection
	GlobalSection(ExtensibilityGlobals) = postSolution
		SolutionGuid = {62985820-EB8D-4997-B059-2D4754B9285E}
	EndGlobalSection
EndGlobal
